
Microsoft Visual Studio Solution File, Format Version 12.00
# Visual Studio Version 17
VisualStudioVersion = 17.11.35327.3
MinimumVisualStudioVersion = 10.0.40219.1
Project("{FAE04EC0-301F-11D3-BF4B-00C04F79EFBC}") = "Presentacion", "Presentacion\Presentacion.csproj", "{8C41C848-723D-466C-88E9-90C993D8A16A}"
EndProject
Project("{FAE04EC0-301F-11D3-BF4B-00C04F79EFBC}") = "Dominio", "Dominio\Dominio.csproj", "{3ED87919-8FE1-4844-A898-4B20DF483A7B}"
EndProject
Project("{FAE04EC0-301F-11D3-BF4B-00C04F79EFBC}") = "Controller", "Controller\Controller.csproj", "{DFF32A21-EF4A-421E-9AF8-9943002CF40E}"
EndProject
Global
	GlobalSection(SolutionConfigurationPlatforms) = preSolution
		Debug|Any CPU = Debug|Any CPU
		Release|Any CPU = Release|Any CPU
	EndGlobalSection
	GlobalSection(ProjectConfigurationPlatforms) = postSolution
		{8C41C848-723D-466C-88E9-90C993D8A16A}.Debug|Any CPU.ActiveCfg = Debug|Any CPU
		{8C41C848-723D-466C-88E9-90C993D8A16A}.Debug|Any CPU.Build.0 = Debug|Any CPU
		{8C41C848-723D-466C-88E9-90C993D8A16A}.Release|Any CPU.ActiveCfg = Release|Any CPU
		{8C41C848-723D-466C-88E9-90C993D8A16A}.Release|Any CPU.Build.0 = Release|Any CPU
		{3ED87919-8FE1-4844-A898-4B20DF483A7B}.Debug|Any CPU.ActiveCfg = Debug|Any CPU
		{3ED87919-8FE1-4844-A898-4B20DF483A7B}.Debug|Any CPU.Build.0 = Debug|Any CPU
		{3ED87919-8FE1-4844-A898-4B20DF483A7B}.Release|Any CPU.ActiveCfg = Release|Any CPU
		{3ED87919-8FE1-4844-A898-4B20DF483A7B}.Release|Any CPU.Build.0 = Release|Any CPU
		{DFF32A21-EF4A-421E-9AF8-9943002CF40E}.Debug|Any CPU.ActiveCfg = Debug|Any CPU
		{DFF32A21-EF4A-421E-9AF8-9943002CF40E}.Debug|Any CPU.Build.0 = Debug|Any CPU
		{DFF32A21-EF4A-421E-9AF8-9943002CF40E}.Release|Any CPU.ActiveCfg = Release|Any CPU
		{DFF32A21-EF4A-421E-9AF8-9943002CF40E}.Release|Any CPU.Build.0 = Release|Any CPU
	EndGlobalSection
	GlobalSection(SolutionProperties) = preSolution
		HideSolutionNode = FALSE
	EndGlobalSection
	GlobalSection(ExtensibilityGlobals) = postSolution
		SolutionGuid = {1E8F8BAD-21BC-4BEB-B474-6806A3095083}
	EndGlobalSection
EndGlobal
